
Microsoft Visual Studio Solution File, Format Version 12.00
# Visual Studio Version 16
VisualStudioVersion = 16.0.30711.63
MinimumVisualStudioVersion = 10.0.40219.1
Project("{FAE04EC0-301F-11D3-BF4B-00C04F79EFBC}") = "SadakaEli.Model", "SadakaEli.Model\SadakaEli.Model.csproj", "{0C798AE2-3772-451F-8467-6BBF29B1B142}"
EndProject
Project("{FAE04EC0-301F-11D3-BF4B-00C04F79EFBC}") = "SadakaEli.Business", "SadakaEli.Business\SadakaEli.Business.csproj", "{9F24575A-01D1-471A-BAC3-F6CFB3949DDE}"
EndProject
Project("{FAE04EC0-301F-11D3-BF4B-00C04F79EFBC}") = "SadakaEli.DataAccess", "SadakaEli.DataAccess\SadakaEli.DataAccess.csproj", "{DA31DEB6-8181-4006-A2C6-344B5BA5459F}"
EndProject
Project("{FAE04EC0-301F-11D3-BF4B-00C04F79EFBC}") = "SadakaEli.MvcWebUI", "SadakaEli.MvcWebUI\SadakaEli.MvcWebUI.csproj", "{5A6D806F-7E8C-4466-B118-E7FB2CE00866}"
EndProject
Project("{FAE04EC0-301F-11D3-BF4B-00C04F79EFBC}") = "InfraStructure", "InfraStructure\InfraStructure.csproj", "{86B014C1-97CE-472C-ADFC-7FF994611951}"
EndProject
Global
	GlobalSection(SolutionConfigurationPlatforms) = preSolution
		Debug|Any CPU = Debug|Any CPU
		Release|Any CPU = Release|Any CPU
	EndGlobalSection
	GlobalSection(ProjectConfigurationPlatforms) = postSolution
		{0C798AE2-3772-451F-8467-6BBF29B1B142}.Debug|Any CPU.ActiveCfg = Debug|Any CPU
		{0C798AE2-3772-451F-8467-6BBF29B1B142}.Debug|Any CPU.Build.0 = Debug|Any CPU
		{0C798AE2-3772-451F-8467-6BBF29B1B142}.Release|Any CPU.ActiveCfg = Release|Any CPU
		{0C798AE2-3772-451F-8467-6BBF29B1B142}.Release|Any CPU.Build.0 = Release|Any CPU
		{9F24575A-01D1-471A-BAC3-F6CFB3949DDE}.Debug|Any CPU.ActiveCfg = Debug|Any CPU
		{9F24575A-01D1-471A-BAC3-F6CFB3949DDE}.Debug|Any CPU.Build.0 = Debug|Any CPU
		{9F24575A-01D1-471A-BAC3-F6CFB3949DDE}.Release|Any CPU.ActiveCfg = Release|Any CPU
		{9F24575A-01D1-471A-BAC3-F6CFB3949DDE}.Release|Any CPU.Build.0 = Release|Any CPU
		{DA31DEB6-8181-4006-A2C6-344B5BA5459F}.Debug|Any CPU.ActiveCfg = Debug|Any CPU
		{DA31DEB6-8181-4006-A2C6-344B5BA5459F}.Debug|Any CPU.Build.0 = Debug|Any CPU
		{DA31DEB6-8181-4006-A2C6-344B5BA5459F}.Release|Any CPU.ActiveCfg = Release|Any CPU
		{DA31DEB6-8181-4006-A2C6-344B5BA5459F}.Release|Any CPU.Build.0 = Release|Any CPU
		{5A6D806F-7E8C-4466-B118-E7FB2CE00866}.Debug|Any CPU.ActiveCfg = Debug|Any CPU
		{5A6D806F-7E8C-4466-B118-E7FB2CE00866}.Debug|Any CPU.Build.0 = Debug|Any CPU
		{5A6D806F-7E8C-4466-B118-E7FB2CE00866}.Release|Any CPU.ActiveCfg = Release|Any CPU
		{5A6D806F-7E8C-4466-B118-E7FB2CE00866}.Release|Any CPU.Build.0 = Release|Any CPU
		{86B014C1-97CE-472C-ADFC-7FF994611951}.Debug|Any CPU.ActiveCfg = Debug|Any CPU
		{86B014C1-97CE-472C-ADFC-7FF994611951}.Debug|Any CPU.Build.0 = Debug|Any CPU
		{86B014C1-97CE-472C-ADFC-7FF994611951}.Release|Any CPU.ActiveCfg = Release|Any CPU
		{86B014C1-97CE-472C-ADFC-7FF994611951}.Release|Any CPU.Build.0 = Release|Any CPU
	EndGlobalSection
	GlobalSection(SolutionProperties) = preSolution
		HideSolutionNode = FALSE
	EndGlobalSection
	GlobalSection(ExtensibilityGlobals) = postSolution
		SolutionGuid = {8612AB74-2175-4F66-913E-B704CB31175E}
	EndGlobalSection
EndGlobal
